
Microsoft Visual Studio Solution File, Format Version 11.00
# Visual Studio 2010
Project("{FAE04EC0-301F-11D3-BF4B-00C04F79EFBC}") = "Assembly-CSharp-Editor", "Assembly-CSharp-Editor.csproj", "{96b276fc-6985-c3b7-37b9-66c989c2d372}"
EndProject
Project("{FAE04EC0-301F-11D3-BF4B-00C04F79EFBC}") = "Assembly-CSharp", "Assembly-CSharp.csproj", "{5edd3f3d-3bb7-245c-d919-10da815d93ab}"
EndProject
Global
	GlobalSection(SolutionConfigurationPlatforms) = preSolution
		Debug|Any CPU = Debug|Any CPU
	EndGlobalSection
	GlobalSection(ProjectConfigurationPlatforms) = postSolution
		{96b276fc-6985-c3b7-37b9-66c989c2d372}.Debug|Any CPU.ActiveCfg = Debug|Any CPU
		{96b276fc-6985-c3b7-37b9-66c989c2d372}.Debug|Any CPU.Build.0 = Debug|Any CPU
		{5edd3f3d-3bb7-245c-d919-10da815d93ab}.Debug|Any CPU.ActiveCfg = Debug|Any CPU
		{5edd3f3d-3bb7-245c-d919-10da815d93ab}.Debug|Any CPU.Build.0 = Debug|Any CPU
	EndGlobalSection
	GlobalSection(SolutionProperties) = preSolution
		HideSolutionNode = FALSE
	EndGlobalSection
EndGlobal
